
Microsoft Visual Studio Solution File, Format Version 12.00
# Visual Studio Version 16
VisualStudioVersion = 16.0.31004.235
MinimumVisualStudioVersion = 10.0.40219.1
Project("{2150E333-8FDC-42A3-9474-1A3956D46DE8}") = "Solution Item", "Solution Item", "{6F96A088-5EC8-4D9A-95C5-B5068F679277}"
	ProjectSection(SolutionItems) = preProject
		ReadMe.md = ReadMe.md
	EndProjectSection
EndProject
Project("{2150E333-8FDC-42A3-9474-1A3956D46DE8}") = "Src", "Src", "{39CB7F6E-D83E-4B82-959F-08D74481EA96}"
EndProject
Project("{FAE04EC0-301F-11D3-BF4B-00C04F79EFBC}") = "Amygdalab.Core", "Amygdalab.Core\Amygdalab.Core.csproj", "{E7ED81B3-E56F-4182-883B-2DBB5A746BB7}"
EndProject
Project("{FAE04EC0-301F-11D3-BF4B-00C04F79EFBC}") = "Amygdalab.Domain", "Amygdalab.Domain\Amygdalab.Domain.csproj", "{A8E13B7B-DC50-4C32-AB00-AC6118703DBE}"
EndProject
Project("{FAE04EC0-301F-11D3-BF4B-00C04F79EFBC}") = "Amygdalab.Data", "Amygdalab.Data\Amygdalab.Data.csproj", "{825A697A-7C01-4D2D-8DD5-8B008F7211FF}"
EndProject
Project("{2150E333-8FDC-42A3-9474-1A3956D46DE8}") = "Test", "Test", "{87A76649-03A0-4B66-BD1C-A250F30CEA7D}"
EndProject
Project("{FAE04EC0-301F-11D3-BF4B-00C04F79EFBC}") = "Amygdalab.Tests", "Amygdalab.Tests\Amygdalab.Tests.csproj", "{395ADF4D-1457-43CE-B1EE-1A4FEEC3BD4F}"
EndProject
Project("{2150E333-8FDC-42A3-9474-1A3956D46DE8}") = "Web", "Web", "{9ADB4A3E-8EA5-410D-8789-94281EBF3CB2}"
EndProject
Project("{2150E333-8FDC-42A3-9474-1A3956D46DE8}") = "Lib", "Lib", "{9C2715DF-8B7E-4F65-BAF1-50A2E8ADC959}"
EndProject
Project("{FAE04EC0-301F-11D3-BF4B-00C04F79EFBC}") = "Amygdalab.Web", "Amygdalab.Web\Amygdalab.Web.csproj", "{DA801238-EC4F-4C5B-A0F0-AC0A42CCD5F7}"
EndProject
Global
	GlobalSection(SolutionConfigurationPlatforms) = preSolution
		Debug|Any CPU = Debug|Any CPU
		Release|Any CPU = Release|Any CPU
	EndGlobalSection
	GlobalSection(ProjectConfigurationPlatforms) = postSolution
		{E7ED81B3-E56F-4182-883B-2DBB5A746BB7}.Debug|Any CPU.ActiveCfg = Debug|Any CPU
		{E7ED81B3-E56F-4182-883B-2DBB5A746BB7}.Debug|Any CPU.Build.0 = Debug|Any CPU
		{E7ED81B3-E56F-4182-883B-2DBB5A746BB7}.Release|Any CPU.ActiveCfg = Release|Any CPU
		{E7ED81B3-E56F-4182-883B-2DBB5A746BB7}.Release|Any CPU.Build.0 = Release|Any CPU
		{A8E13B7B-DC50-4C32-AB00-AC6118703DBE}.Debug|Any CPU.ActiveCfg = Debug|Any CPU
		{A8E13B7B-DC50-4C32-AB00-AC6118703DBE}.Debug|Any CPU.Build.0 = Debug|Any CPU
		{A8E13B7B-DC50-4C32-AB00-AC6118703DBE}.Release|Any CPU.ActiveCfg = Release|Any CPU
		{A8E13B7B-DC50-4C32-AB00-AC6118703DBE}.Release|Any CPU.Build.0 = Release|Any CPU
		{825A697A-7C01-4D2D-8DD5-8B008F7211FF}.Debug|Any CPU.ActiveCfg = Debug|Any CPU
		{825A697A-7C01-4D2D-8DD5-8B008F7211FF}.Debug|Any CPU.Build.0 = Debug|Any CPU
		{825A697A-7C01-4D2D-8DD5-8B008F7211FF}.Release|Any CPU.ActiveCfg = Release|Any CPU
		{825A697A-7C01-4D2D-8DD5-8B008F7211FF}.Release|Any CPU.Build.0 = Release|Any CPU
		{395ADF4D-1457-43CE-B1EE-1A4FEEC3BD4F}.Debug|Any CPU.ActiveCfg = Debug|Any CPU
		{395ADF4D-1457-43CE-B1EE-1A4FEEC3BD4F}.Debug|Any CPU.Build.0 = Debug|Any CPU
		{395ADF4D-1457-43CE-B1EE-1A4FEEC3BD4F}.Release|Any CPU.ActiveCfg = Release|Any CPU
		{395ADF4D-1457-43CE-B1EE-1A4FEEC3BD4F}.Release|Any CPU.Build.0 = Release|Any CPU
		{DA801238-EC4F-4C5B-A0F0-AC0A42CCD5F7}.Debug|Any CPU.ActiveCfg = Debug|Any CPU
		{DA801238-EC4F-4C5B-A0F0-AC0A42CCD5F7}.Debug|Any CPU.Build.0 = Debug|Any CPU
		{DA801238-EC4F-4C5B-A0F0-AC0A42CCD5F7}.Release|Any CPU.ActiveCfg = Release|Any CPU
		{DA801238-EC4F-4C5B-A0F0-AC0A42CCD5F7}.Release|Any CPU.Build.0 = Release|Any CPU
	EndGlobalSection
	GlobalSection(SolutionProperties) = preSolution
		HideSolutionNode = FALSE
	EndGlobalSection
	GlobalSection(NestedProjects) = preSolution
		{E7ED81B3-E56F-4182-883B-2DBB5A746BB7} = {9C2715DF-8B7E-4F65-BAF1-50A2E8ADC959}
		{A8E13B7B-DC50-4C32-AB00-AC6118703DBE} = {9C2715DF-8B7E-4F65-BAF1-50A2E8ADC959}
		{825A697A-7C01-4D2D-8DD5-8B008F7211FF} = {9C2715DF-8B7E-4F65-BAF1-50A2E8ADC959}
		{395ADF4D-1457-43CE-B1EE-1A4FEEC3BD4F} = {87A76649-03A0-4B66-BD1C-A250F30CEA7D}
		{9ADB4A3E-8EA5-410D-8789-94281EBF3CB2} = {39CB7F6E-D83E-4B82-959F-08D74481EA96}
		{9C2715DF-8B7E-4F65-BAF1-50A2E8ADC959} = {39CB7F6E-D83E-4B82-959F-08D74481EA96}
		{DA801238-EC4F-4C5B-A0F0-AC0A42CCD5F7} = {9ADB4A3E-8EA5-410D-8789-94281EBF3CB2}
	EndGlobalSection
	GlobalSection(ExtensibilityGlobals) = postSolution
		SolutionGuid = {D9C2A69F-C4B0-407D-BB43-9C79906C3166}
	EndGlobalSection
EndGlobal
